
Microsoft Visual Studio Solution File, Format Version 12.00
# Visual Studio 2015
Project("{FAE04EC0-301F-11D3-BF4B-00C04F79EFBC}") = "Fireworks.CSharp.Plugins", "Fireworks.CSharp.Plugins.csproj", "{53828F88-2B54-E973-5365-77A083F4F207}"
EndProject
Project("{FAE04EC0-301F-11D3-BF4B-00C04F79EFBC}") = "Fireworks.CSharp", "Fireworks.CSharp.csproj", "{887D7BC5-C9AF-E676-3CCF-609B6F55FC21}"
EndProject
Project("{FAE04EC0-301F-11D3-BF4B-00C04F79EFBC}") = "Fireworks.CSharp.Editor", "Fireworks.CSharp.Editor.csproj", "{FE6EC1C0-CFD3-4F99-DFB9-72C4E58B8139}"
EndProject
Global
	GlobalSection(SolutionConfigurationPlatforms) = preSolution
		Debug|Any CPU = Debug|Any CPU
		Release|Any CPU = Release|Any CPU
	EndGlobalSection
	GlobalSection(ProjectConfigurationPlatforms) = postSolution
		{53828F88-2B54-E973-5365-77A083F4F207}.Debug|Any CPU.ActiveCfg = Debug|Any CPU
		{53828F88-2B54-E973-5365-77A083F4F207}.Debug|Any CPU.Build.0 = Debug|Any CPU
		{53828F88-2B54-E973-5365-77A083F4F207}.Release|Any CPU.ActiveCfg = Release|Any CPU
		{53828F88-2B54-E973-5365-77A083F4F207}.Release|Any CPU.Build.0 = Release|Any CPU
		{887D7BC5-C9AF-E676-3CCF-609B6F55FC21}.Debug|Any CPU.ActiveCfg = Debug|Any CPU
		{887D7BC5-C9AF-E676-3CCF-609B6F55FC21}.Debug|Any CPU.Build.0 = Debug|Any CPU
		{887D7BC5-C9AF-E676-3CCF-609B6F55FC21}.Release|Any CPU.ActiveCfg = Release|Any CPU
		{887D7BC5-C9AF-E676-3CCF-609B6F55FC21}.Release|Any CPU.Build.0 = Release|Any CPU
		{FE6EC1C0-CFD3-4F99-DFB9-72C4E58B8139}.Debug|Any CPU.ActiveCfg = Debug|Any CPU
		{FE6EC1C0-CFD3-4F99-DFB9-72C4E58B8139}.Debug|Any CPU.Build.0 = Debug|Any CPU
		{FE6EC1C0-CFD3-4F99-DFB9-72C4E58B8139}.Release|Any CPU.ActiveCfg = Release|Any CPU
		{FE6EC1C0-CFD3-4F99-DFB9-72C4E58B8139}.Release|Any CPU.Build.0 = Release|Any CPU
	EndGlobalSection
	GlobalSection(SolutionProperties) = preSolution
		HideSolutionNode = FALSE
	EndGlobalSection
EndGlobal
